
Microsoft Visual Studio Solution File, Format Version 12.00
Project("{FAE04EC0-301F-11D3-BF4B-00C04F79EFBC}") = "EsTaskManager.Api", "EsTaskManager.Api\EsTaskManager.Api.csproj", "{693B0A2D-68F0-414B-A098-919076135335}"
EndProject
Project("{FAE04EC0-301F-11D3-BF4B-00C04F79EFBC}") = "EsTaskManager.Domain", "EsTaskManager.Domain\EsTaskManager.Domain.csproj", "{0BD8FBAB-0E37-4A0B-A888-2836DBF770FF}"
EndProject
Project("{FAE04EC0-301F-11D3-BF4B-00C04F79EFBC}") = "EsTaskManager.Infrastructure", "EsTaskManager.Infrastructure\EsTaskManager.Infrastructure.csproj", "{23120EEC-B1CD-4E26-9574-FDD2A6217645}"
EndProject
Global
	GlobalSection(SolutionConfigurationPlatforms) = preSolution
		Debug|Any CPU = Debug|Any CPU
		Release|Any CPU = Release|Any CPU
	EndGlobalSection
	GlobalSection(ProjectConfigurationPlatforms) = postSolution
		{693B0A2D-68F0-414B-A098-919076135335}.Debug|Any CPU.ActiveCfg = Debug|Any CPU
		{693B0A2D-68F0-414B-A098-919076135335}.Debug|Any CPU.Build.0 = Debug|Any CPU
		{693B0A2D-68F0-414B-A098-919076135335}.Release|Any CPU.ActiveCfg = Release|Any CPU
		{693B0A2D-68F0-414B-A098-919076135335}.Release|Any CPU.Build.0 = Release|Any CPU
		{0BD8FBAB-0E37-4A0B-A888-2836DBF770FF}.Debug|Any CPU.ActiveCfg = Debug|Any CPU
		{0BD8FBAB-0E37-4A0B-A888-2836DBF770FF}.Debug|Any CPU.Build.0 = Debug|Any CPU
		{0BD8FBAB-0E37-4A0B-A888-2836DBF770FF}.Release|Any CPU.ActiveCfg = Release|Any CPU
		{0BD8FBAB-0E37-4A0B-A888-2836DBF770FF}.Release|Any CPU.Build.0 = Release|Any CPU
		{23120EEC-B1CD-4E26-9574-FDD2A6217645}.Debug|Any CPU.ActiveCfg = Debug|Any CPU
		{23120EEC-B1CD-4E26-9574-FDD2A6217645}.Debug|Any CPU.Build.0 = Debug|Any CPU
		{23120EEC-B1CD-4E26-9574-FDD2A6217645}.Release|Any CPU.ActiveCfg = Release|Any CPU
		{23120EEC-B1CD-4E26-9574-FDD2A6217645}.Release|Any CPU.Build.0 = Release|Any CPU
	EndGlobalSection
EndGlobal
